
Microsoft Visual Studio Solution File, Format Version 12.00
# Visual Studio 15
VisualStudioVersion = 15.0.28307.705
MinimumVisualStudioVersion = 10.0.40219.1
Project("{FAE04EC0-301F-11D3-BF4B-00C04F79EFBC}") = "Logistyka2_staging_0.0", "Logistyka2_staging_0.0\Logistyka2_staging_0.0.csproj", "{05B5D562-2095-4252-8C77-3C1408B50DA9}"
EndProject
Global
	GlobalSection(SolutionConfigurationPlatforms) = preSolution
		Debug|Any CPU = Debug|Any CPU
		Release|Any CPU = Release|Any CPU
	EndGlobalSection
	GlobalSection(ProjectConfigurationPlatforms) = postSolution
		{05B5D562-2095-4252-8C77-3C1408B50DA9}.Debug|Any CPU.ActiveCfg = Debug|Any CPU
		{05B5D562-2095-4252-8C77-3C1408B50DA9}.Debug|Any CPU.Build.0 = Debug|Any CPU
		{05B5D562-2095-4252-8C77-3C1408B50DA9}.Release|Any CPU.ActiveCfg = Release|Any CPU
		{05B5D562-2095-4252-8C77-3C1408B50DA9}.Release|Any CPU.Build.0 = Release|Any CPU
	EndGlobalSection
	GlobalSection(SolutionProperties) = preSolution
		HideSolutionNode = FALSE
	EndGlobalSection
	GlobalSection(ExtensibilityGlobals) = postSolution
		SolutionGuid = {ED3D303C-F654-426D-A449-E99B83B5C4CE}
	EndGlobalSection
EndGlobal
